
Microsoft Visual Studio Solution File, Format Version 12.00
# Visual Studio Version 17
VisualStudioVersion = 17.3.32929.385
MinimumVisualStudioVersion = 10.0.40219.1
Project("{9A19103F-16F7-4668-BE54-9A1E7A4F7556}") = "TradeProcessor.Api", "TradeProcessor.Api\TradeProcessor.Api.csproj", "{690F023F-030B-4611-81AC-5C3733EE1067}"
EndProject
Project("{9A19103F-16F7-4668-BE54-9A1E7A4F7556}") = "Infrastructure", "Infrastructure\Infrastructure.csproj", "{A6D75DCC-5207-4FB1-B65E-3777876067CF}"
EndProject
Project("{2150E333-8FDC-42A3-9474-1A3956D46DE8}") = "Solution Items", "Solution Items", "{51D6FC98-C0CD-4224-A1C8-C53E32988841}"
	ProjectSection(SolutionItems) = preProject
		.editorconfig = .editorconfig
		.github\workflows\build-deploy.yaml = .github\workflows\build-deploy.yaml
		.env.template = .env.template
		README.md = README.md
	EndProjectSection
EndProject
Project("{9A19103F-16F7-4668-BE54-9A1E7A4F7556}") = "TradeProcessor.Api.Tests", "TradeProcessor.Api.Tests\TradeProcessor.Api.Tests.csproj", "{E1AA3AA0-6217-45A3-AC85-F031F9291F8A}"
EndProject
Project("{2150E333-8FDC-42A3-9474-1A3956D46DE8}") = ".github", ".github", "{3208FEC7-CC2B-4471-B26F-2F4CBD727B50}"
	ProjectSection(SolutionItems) = preProject
		.github\workflows\build-deploy.yaml = .github\workflows\build-deploy.yaml
		.github\workflows\linter.yaml = .github\workflows\linter.yaml
	EndProjectSection
EndProject
Global
	GlobalSection(SolutionConfigurationPlatforms) = preSolution
		Debug|Any CPU = Debug|Any CPU
		Release|Any CPU = Release|Any CPU
	EndGlobalSection
	GlobalSection(ProjectConfigurationPlatforms) = postSolution
		{690F023F-030B-4611-81AC-5C3733EE1067}.Debug|Any CPU.ActiveCfg = Debug|Any CPU
		{690F023F-030B-4611-81AC-5C3733EE1067}.Debug|Any CPU.Build.0 = Debug|Any CPU
		{690F023F-030B-4611-81AC-5C3733EE1067}.Release|Any CPU.ActiveCfg = Release|Any CPU
		{690F023F-030B-4611-81AC-5C3733EE1067}.Release|Any CPU.Build.0 = Release|Any CPU
		{A6D75DCC-5207-4FB1-B65E-3777876067CF}.Debug|Any CPU.ActiveCfg = Debug|Any CPU
		{A6D75DCC-5207-4FB1-B65E-3777876067CF}.Debug|Any CPU.Build.0 = Debug|Any CPU
		{A6D75DCC-5207-4FB1-B65E-3777876067CF}.Release|Any CPU.ActiveCfg = Release|Any CPU
		{A6D75DCC-5207-4FB1-B65E-3777876067CF}.Release|Any CPU.Build.0 = Release|Any CPU
		{E1AA3AA0-6217-45A3-AC85-F031F9291F8A}.Debug|Any CPU.ActiveCfg = Debug|Any CPU
		{E1AA3AA0-6217-45A3-AC85-F031F9291F8A}.Debug|Any CPU.Build.0 = Debug|Any CPU
		{E1AA3AA0-6217-45A3-AC85-F031F9291F8A}.Release|Any CPU.ActiveCfg = Release|Any CPU
		{E1AA3AA0-6217-45A3-AC85-F031F9291F8A}.Release|Any CPU.Build.0 = Release|Any CPU
	EndGlobalSection
	GlobalSection(SolutionProperties) = preSolution
		HideSolutionNode = FALSE
	EndGlobalSection
	GlobalSection(ExtensibilityGlobals) = postSolution
		SolutionGuid = {AFFC5A39-AD57-462D-93A9-41BEF1995C63}
	EndGlobalSection
EndGlobal
