
Microsoft Visual Studio Solution File, Format Version 12.00
# Visual Studio Version 17
VisualStudioVersion = 17.3.32929.385
MinimumVisualStudioVersion = 10.0.40219.1
Project("{FAE04EC0-301F-11D3-BF4B-00C04F79EFBC}") = "TradeProcessor.Api", "TradeProcessor.Api\TradeProcessor.Api.csproj", "{690F023F-030B-4611-81AC-5C3733EE1067}"
EndProject
Global
	GlobalSection(SolutionConfigurationPlatforms) = preSolution
		Debug|Any CPU = Debug|Any CPU
		Release|Any CPU = Release|Any CPU
	EndGlobalSection
	GlobalSection(ProjectConfigurationPlatforms) = postSolution
		{690F023F-030B-4611-81AC-5C3733EE1067}.Debug|Any CPU.ActiveCfg = Debug|Any CPU
		{690F023F-030B-4611-81AC-5C3733EE1067}.Debug|Any CPU.Build.0 = Debug|Any CPU
		{690F023F-030B-4611-81AC-5C3733EE1067}.Release|Any CPU.ActiveCfg = Release|Any CPU
		{690F023F-030B-4611-81AC-5C3733EE1067}.Release|Any CPU.Build.0 = Release|Any CPU
	EndGlobalSection
	GlobalSection(SolutionProperties) = preSolution
		HideSolutionNode = FALSE
	EndGlobalSection
	GlobalSection(ExtensibilityGlobals) = postSolution
		SolutionGuid = {AFFC5A39-AD57-462D-93A9-41BEF1995C63}
	EndGlobalSection
EndGlobal
