
Microsoft Visual Studio Solution File, Format Version 12.00
# Visual Studio Version 17
VisualStudioVersion = 17.3.32929.385
MinimumVisualStudioVersion = 10.0.40219.1
Project("{9A19103F-16F7-4668-BE54-9A1E7A4F7556}") = "Infrastructure", "Infrastructure.csproj", "{CA2F1B5C-E7F8-47D4-8016-17ED41CD80DC}"
EndProject
Global
	GlobalSection(SolutionConfigurationPlatforms) = preSolution
		Debug|Any CPU = Debug|Any CPU
		Release|Any CPU = Release|Any CPU
	EndGlobalSection
	GlobalSection(ProjectConfigurationPlatforms) = postSolution
		{CA2F1B5C-E7F8-47D4-8016-17ED41CD80DC}.Debug|Any CPU.ActiveCfg = Debug|Any CPU
		{CA2F1B5C-E7F8-47D4-8016-17ED41CD80DC}.Debug|Any CPU.Build.0 = Debug|Any CPU
		{CA2F1B5C-E7F8-47D4-8016-17ED41CD80DC}.Release|Any CPU.ActiveCfg = Release|Any CPU
		{CA2F1B5C-E7F8-47D4-8016-17ED41CD80DC}.Release|Any CPU.Build.0 = Release|Any CPU
	EndGlobalSection
	GlobalSection(SolutionProperties) = preSolution
		HideSolutionNode = FALSE
	EndGlobalSection
	GlobalSection(ExtensibilityGlobals) = postSolution
		SolutionGuid = {379D5EA9-ED77-48E5-8622-DE9EEF719363}
	EndGlobalSection
EndGlobal
